// !$*UTF8*$!
{
	archiveVersion = 1;
	classes = {
	};
	objectVersion = 46;
	objects = {

/* Begin PBXBuildFile section */
		072762741C6691C1005E524E /* FlickrPhoto.swift in Sources */ = {isa = PBXBuildFile; fileRef = 072762731C6691C1005E524E /* FlickrPhoto.swift */; };
		072762781C66D81C005E524E /* InternetServices.swift in Sources */ = {isa = PBXBuildFile; fileRef = 072762771C66D81C005E524E /* InternetServices.swift */; };
		0727627A1C66D862005E524E /* ServiceProtocol.swift in Sources */ = {isa = PBXBuildFile; fileRef = 072762791C66D862005E524E /* ServiceProtocol.swift */; };
		0769B9B81C4C8D0F00EEC4D9 /* DailyViewModel.swift in Sources */ = {isa = PBXBuildFile; fileRef = 0769B9B71C4C8D0F00EEC4D9 /* DailyViewModel.swift */; };
		0769B9BA1C4C8D7500EEC4D9 /* DailyForecast.swift in Sources */ = {isa = PBXBuildFile; fileRef = 0769B9B91C4C8D7500EEC4D9 /* DailyForecast.swift */; };
		076FDE651C6D34C300833B0B /* WindDirection.swift in Sources */ = {isa = PBXBuildFile; fileRef = 076FDE641C6D34C300833B0B /* WindDirection.swift */; };
		0778C9D41C88D58300C02DFE /* Menu-30.png in Resources */ = {isa = PBXBuildFile; fileRef = 0778C9D31C88D58300C02DFE /* Menu-30.png */; };
		0778C9DD1C892CE000C02DFE /* Menu-20.png in Resources */ = {isa = PBXBuildFile; fileRef = 0778C9DC1C892CDF00C02DFE /* Menu-20.png */; };
		0778C9DF1C8930F400C02DFE /* icon-menu-narrow-white.png in Resources */ = {isa = PBXBuildFile; fileRef = 0778C9DE1C8930F400C02DFE /* icon-menu-narrow-white.png */; };
		0781E0411C6FCED90061710B /* Charts.framework in Frameworks */ = {isa = PBXBuildFile; fileRef = 0781E03C1C6FCE700061710B /* Charts.framework */; };
		0781E0421C6FCED90061710B /* Charts.framework in Embed Frameworks */ = {isa = PBXBuildFile; fileRef = 0781E03C1C6FCE700061710B /* Charts.framework */; settings = {ATTRIBUTES = (CodeSignOnCopy, RemoveHeadersOnCopy, ); }; };
		0783E1921C3EC4D800696727 /* WeatherBuilder.swift in Sources */ = {isa = PBXBuildFile; fileRef = 0783E1911C3EC4D800696727 /* WeatherBuilder.swift */; };
		07850F851C4E822800EFE0E3 /* WeatherViewModel.swift in Sources */ = {isa = PBXBuildFile; fileRef = 07850F841C4E822800EFE0E3 /* WeatherViewModel.swift */; };
		0788BABB1C484B9300E89747 /* Alamofire.framework in Frameworks */ = {isa = PBXBuildFile; fileRef = 0788BAB51C48017D00E89747 /* Alamofire.framework */; };
		0788BABC1C484B9300E89747 /* Alamofire.framework in Embed Frameworks */ = {isa = PBXBuildFile; fileRef = 0788BAB51C48017D00E89747 /* Alamofire.framework */; settings = {ATTRIBUTES = (CodeSignOnCopy, RemoveHeadersOnCopy, ); }; };
		0788BB141C48881400E89747 /* SwiftyJSON2.swift in Sources */ = {isa = PBXBuildFile; fileRef = 0788BB131C48881400E89747 /* SwiftyJSON2.swift */; };
		0788BB171C48894B00E89747 /* Alamofire.framework in Frameworks */ = {isa = PBXBuildFile; fileRef = 0788BB041C48876800E89747 /* Alamofire.framework */; };
		0788BB181C48894B00E89747 /* Alamofire.framework in Embed Frameworks */ = {isa = PBXBuildFile; fileRef = 0788BB041C48876800E89747 /* Alamofire.framework */; settings = {ATTRIBUTES = (CodeSignOnCopy, RemoveHeadersOnCopy, ); }; };
		079B5A841C6C32D00043D1C0 /* Summary.swift in Sources */ = {isa = PBXBuildFile; fileRef = 079B5A7E1C6C32D00043D1C0 /* Summary.swift */; };
		079B5A851C6C32D00043D1C0 /* Summary.xib in Resources */ = {isa = PBXBuildFile; fileRef = 079B5A7F1C6C32D00043D1C0 /* Summary.xib */; };
		079B5A861C6C32D00043D1C0 /* AirQuality.swift in Sources */ = {isa = PBXBuildFile; fileRef = 079B5A801C6C32D00043D1C0 /* AirQuality.swift */; };
		079B5A871C6C32D00043D1C0 /* AirQuality.xib in Resources */ = {isa = PBXBuildFile; fileRef = 079B5A811C6C32D00043D1C0 /* AirQuality.xib */; };
		079B5A881C6C32D00043D1C0 /* Graphs.swift in Sources */ = {isa = PBXBuildFile; fileRef = 079B5A821C6C32D00043D1C0 /* Graphs.swift */; };
		079B5A891C6C32D00043D1C0 /* Graphs.xib in Resources */ = {isa = PBXBuildFile; fileRef = 079B5A831C6C32D00043D1C0 /* Graphs.xib */; };
		07AB53671C3D6C1D009059B0 /* Observable.swift in Sources */ = {isa = PBXBuildFile; fileRef = 07AB53661C3D6C1D009059B0 /* Observable.swift */; };
		07AB53691C3D9FC4009059B0 /* LocationService.swift in Sources */ = {isa = PBXBuildFile; fileRef = 07AB53681C3D9FC4009059B0 /* LocationService.swift */; };
		07AB536B1C3DA552009059B0 /* Error.swift in Sources */ = {isa = PBXBuildFile; fileRef = 07AB536A1C3DA552009059B0 /* Error.swift */; };
		07AB53711C3DC7E1009059B0 /* Weather.swift in Sources */ = {isa = PBXBuildFile; fileRef = 07AB53701C3DC7E1009059B0 /* Weather.swift */; };
		07AB53731C3DD856009059B0 /* Temperature.swift in Sources */ = {isa = PBXBuildFile; fileRef = 07AB53721C3DD856009059B0 /* Temperature.swift */; };
		07AB53751C3DDCA3009059B0 /* WeatherIcon.swift in Sources */ = {isa = PBXBuildFile; fileRef = 07AB53741C3DDCA3009059B0 /* WeatherIcon.swift */; };
		07BA25AB1C540E36009A69D6 /* HourlyViewModel.swift in Sources */ = {isa = PBXBuildFile; fileRef = 07BA25AA1C540E36009A69D6 /* HourlyViewModel.swift */; };
		07BA25AD1C540EB0009A69D6 /* HourlyForecast.swift in Sources */ = {isa = PBXBuildFile; fileRef = 07BA25AC1C540EB0009A69D6 /* HourlyForecast.swift */; };
		07BA25AF1C54129D009A69D6 /* HourlyViewCell.swift in Sources */ = {isa = PBXBuildFile; fileRef = 07BA25AE1C54129D009A69D6 /* HourlyViewCell.swift */; };
		07BA25B11C5414B5009A69D6 /* DailyViewCell.swift in Sources */ = {isa = PBXBuildFile; fileRef = 07BA25B01C5414B5009A69D6 /* DailyViewCell.swift */; };
		07BA25B31C5446BC009A69D6 /* WeatherViewController.swift in Sources */ = {isa = PBXBuildFile; fileRef = 07BA25B21C5446BC009A69D6 /* WeatherViewController.swift */; };
		07EEC1641C58704E00EA1DC6 /* TimeDateConversion.swift in Sources */ = {isa = PBXBuildFile; fileRef = 07EEC1631C58704E00EA1DC6 /* TimeDateConversion.swift */; };
		6038D7961C0F7AAB000B17AD /* UIImage+ImageEffects.m in Sources */ = {isa = PBXBuildFile; fileRef = 6038D7931C0F7AAB000B17AD /* UIImage+ImageEffects.m */; };
		6038D7971C0F7AAB000B17AD /* UIImageView+LBBlurredImage.m in Sources */ = {isa = PBXBuildFile; fileRef = 6038D7951C0F7AAB000B17AD /* UIImageView+LBBlurredImage.m */; };
		6038D7991C0F7D16000B17AD /* Images-2 in Resources */ = {isa = PBXBuildFile; fileRef = 6038D7981C0F7D16000B17AD /* Images-2 */; };
		605D89B51C222E6800C5EA84 /* WeatherTableViewController.swift in Sources */ = {isa = PBXBuildFile; fileRef = 605D89B41C222E6800C5EA84 /* WeatherTableViewController.swift */; };
		60603B6B1C18B585002E9CA7 /* TodayWeaterCollectionViewCell.swift in Sources */ = {isa = PBXBuildFile; fileRef = 60603B6A1C18B585002E9CA7 /* TodayWeaterCollectionViewCell.swift */; };
		6087453E1C2499E4007F5D7B /* HeaderCell.swift in Sources */ = {isa = PBXBuildFile; fileRef = 6087453D1C2499E4007F5D7B /* HeaderCell.swift */; };
		60DEB95A1C07ACDA00CED811 /* AppDelegate.swift in Sources */ = {isa = PBXBuildFile; fileRef = 60DEB9591C07ACDA00CED811 /* AppDelegate.swift */; };
		60DEB95C1C07ACDA00CED811 /* ViewController.swift in Sources */ = {isa = PBXBuildFile; fileRef = 60DEB95B1C07ACDA00CED811 /* ViewController.swift */; };
		60DEB95F1C07ACDA00CED811 /* Main.storyboard in Resources */ = {isa = PBXBuildFile; fileRef = 60DEB95D1C07ACDA00CED811 /* Main.storyboard */; };
		60DEB9611C07ACDA00CED811 /* Assets.xcassets in Resources */ = {isa = PBXBuildFile; fileRef = 60DEB9601C07ACDA00CED811 /* Assets.xcassets */; };
		60DEB9641C07ACDA00CED811 /* LaunchScreen.storyboard in Resources */ = {isa = PBXBuildFile; fileRef = 60DEB9621C07ACDA00CED811 /* LaunchScreen.storyboard */; };
		60DEB96F1C07ACDA00CED811 /* WeatherAppTests.swift in Sources */ = {isa = PBXBuildFile; fileRef = 60DEB96E1C07ACDA00CED811 /* WeatherAppTests.swift */; };
		60DEB97A1C07ACDA00CED811 /* WeatherAppUITests.swift in Sources */ = {isa = PBXBuildFile; fileRef = 60DEB9791C07ACDA00CED811 /* WeatherAppUITests.swift */; };
/* End PBXBuildFile section */

/* Begin PBXContainerItemProxy section */
		0781E03B1C6FCE700061710B /* PBXContainerItemProxy */ = {
			isa = PBXContainerItemProxy;
			containerPortal = 0781E0301C6FCE6F0061710B /* Charts.xcodeproj */;
			proxyType = 2;
			remoteGlobalIDString = 5BA8EC401A9D14DC00CE82E1;
			remoteInfo = "Charts-iOS";
		};
		0781E03D1C6FCE700061710B /* PBXContainerItemProxy */ = {
			isa = PBXContainerItemProxy;
			containerPortal = 0781E0301C6FCE6F0061710B /* Charts.xcodeproj */;
			proxyType = 2;
			remoteGlobalIDString = A52C5C371BAC5CA400594CDD;
			remoteInfo = "Charts-TV";
		};
		0781E03F1C6FCE700061710B /* PBXContainerItemProxy */ = {
			isa = PBXContainerItemProxy;
			containerPortal = 0781E0301C6FCE6F0061710B /* Charts.xcodeproj */;
			proxyType = 2;
			remoteGlobalIDString = 06AEE7A21BDC3F8B009875AE;
			remoteInfo = ChartsTests;
		};
		0781E0431C6FCED90061710B /* PBXContainerItemProxy */ = {
			isa = PBXContainerItemProxy;
			containerPortal = 0781E0301C6FCE6F0061710B /* Charts.xcodeproj */;
			proxyType = 1;
			remoteGlobalIDString = 5BA8EC3F1A9D14DC00CE82E1;
			remoteInfo = "Charts-iOS";
		};
		0788BB031C48876800E89747 /* PBXContainerItemProxy */ = {
			isa = PBXContainerItemProxy;
			containerPortal = 0788BAF91C48876700E89747 /* Alamofire.xcodeproj */;
			proxyType = 2;
			remoteGlobalIDString = F8111E3319A95C8B0040E7D1;
			remoteInfo = "Alamofire iOS";
		};
		0788BB051C48876800E89747 /* PBXContainerItemProxy */ = {
			isa = PBXContainerItemProxy;
			containerPortal = 0788BAF91C48876700E89747 /* Alamofire.xcodeproj */;
			proxyType = 2;
			remoteGlobalIDString = F8111E3E19A95C8B0040E7D1;
			remoteInfo = "Alamofire iOS Tests";
		};
		0788BB091C48876800E89747 /* PBXContainerItemProxy */ = {
			isa = PBXContainerItemProxy;
			containerPortal = 0788BAF91C48876700E89747 /* Alamofire.xcodeproj */;
			proxyType = 2;
			remoteGlobalIDString = F829C6B21A7A94F100A2CD59;
			remoteInfo = "Alamofire OSX Tests";
		};
		0788BB0B1C48876800E89747 /* PBXContainerItemProxy */ = {
			isa = PBXContainerItemProxy;
			containerPortal = 0788BAF91C48876700E89747 /* Alamofire.xcodeproj */;
			proxyType = 2;
			remoteGlobalIDString = 4CF626EF1BA7CB3E0011A099;
			remoteInfo = "Alamofire tvOS";
		};
		0788BB0D1C48876800E89747 /* PBXContainerItemProxy */ = {
			isa = PBXContainerItemProxy;
			containerPortal = 0788BAF91C48876700E89747 /* Alamofire.xcodeproj */;
			proxyType = 2;
			remoteGlobalIDString = 4CF626F81BA7CB3E0011A099;
			remoteInfo = "Alamofire tvOS Tests";
		};
		0788BB0F1C48876800E89747 /* PBXContainerItemProxy */ = {
			isa = PBXContainerItemProxy;
			containerPortal = 0788BAF91C48876700E89747 /* Alamofire.xcodeproj */;
			proxyType = 2;
			remoteGlobalIDString = E4202FE01B667AA100C997FB;
			remoteInfo = "Alamofire watchOS";
		};
		0788BB151C48886100E89747 /* PBXContainerItemProxy */ = {
			isa = PBXContainerItemProxy;
			containerPortal = 0788BAF91C48876700E89747 /* Alamofire.xcodeproj */;
			proxyType = 1;
			remoteGlobalIDString = F8111E3219A95C8B0040E7D1;
			remoteInfo = "Alamofire iOS";
		};
		0788BB191C48894B00E89747 /* PBXContainerItemProxy */ = {
			isa = PBXContainerItemProxy;
			containerPortal = 0788BAF91C48876700E89747 /* Alamofire.xcodeproj */;
			proxyType = 1;
			remoteGlobalIDString = F8111E3219A95C8B0040E7D1;
			remoteInfo = "Alamofire iOS";
		};
		60DEB96B1C07ACDA00CED811 /* PBXContainerItemProxy */ = {
			isa = PBXContainerItemProxy;
			containerPortal = 60DEB94E1C07ACDA00CED811 /* Project object */;
			proxyType = 1;
			remoteGlobalIDString = 60DEB9551C07ACDA00CED811;
			remoteInfo = WeatherApp;
		};
		60DEB9761C07ACDA00CED811 /* PBXContainerItemProxy */ = {
			isa = PBXContainerItemProxy;
			containerPortal = 60DEB94E1C07ACDA00CED811 /* Project object */;
			proxyType = 1;
			remoteGlobalIDString = 60DEB9551C07ACDA00CED811;
			remoteInfo = WeatherApp;
		};
/* End PBXContainerItemProxy section */

/* Begin PBXCopyFilesBuildPhase section */
		0788BABD1C484B9400E89747 /* Embed Frameworks */ = {
			isa = PBXCopyFilesBuildPhase;
			buildActionMask = 2147483647;
			dstPath = "usr/local/bin/carthage copy-frameworks";
			dstSubfolderSpec = 10;
			files = (
				0788BABC1C484B9300E89747 /* Alamofire.framework in Embed Frameworks */,
			);
			name = "Embed Frameworks";
			runOnlyForDeploymentPostprocessing = 0;
		};
		0788BB1B1C48894C00E89747 /* Embed Frameworks */ = {
			isa = PBXCopyFilesBuildPhase;
			buildActionMask = 2147483647;
			dstPath = "";
			dstSubfolderSpec = 10;
			files = (
				0788BB181C48894B00E89747 /* Alamofire.framework in Embed Frameworks */,
				0781E0421C6FCED90061710B /* Charts.framework in Embed Frameworks */,
			);
			name = "Embed Frameworks";
			runOnlyForDeploymentPostprocessing = 0;
		};
/* End PBXCopyFilesBuildPhase section */

/* Begin PBXFileReference section */
		072762731C6691C1005E524E /* FlickrPhoto.swift */ = {isa = PBXFileReference; fileEncoding = 4; lastKnownFileType = sourcecode.swift; path = FlickrPhoto.swift; sourceTree = "<group>"; };
		072762771C66D81C005E524E /* InternetServices.swift */ = {isa = PBXFileReference; fileEncoding = 4; lastKnownFileType = sourcecode.swift; path = InternetServices.swift; sourceTree = "<group>"; };
		072762791C66D862005E524E /* ServiceProtocol.swift */ = {isa = PBXFileReference; fileEncoding = 4; lastKnownFileType = sourcecode.swift; path = ServiceProtocol.swift; sourceTree = "<group>"; };
		0769B9B71C4C8D0F00EEC4D9 /* DailyViewModel.swift */ = {isa = PBXFileReference; fileEncoding = 4; lastKnownFileType = sourcecode.swift; path = DailyViewModel.swift; sourceTree = "<group>"; };
		0769B9B91C4C8D7500EEC4D9 /* DailyForecast.swift */ = {isa = PBXFileReference; fileEncoding = 4; lastKnownFileType = sourcecode.swift; path = DailyForecast.swift; sourceTree = "<group>"; };
		076FDE641C6D34C300833B0B /* WindDirection.swift */ = {isa = PBXFileReference; fileEncoding = 4; lastKnownFileType = sourcecode.swift; path = WindDirection.swift; sourceTree = "<group>"; };
		0778C9D31C88D58300C02DFE /* Menu-30.png */ = {isa = PBXFileReference; lastKnownFileType = image.png; path = "Menu-30.png"; sourceTree = "<group>"; };
		0778C9DC1C892CDF00C02DFE /* Menu-20.png */ = {isa = PBXFileReference; lastKnownFileType = image.png; path = "Menu-20.png"; sourceTree = "<group>"; };
		0778C9DE1C8930F400C02DFE /* icon-menu-narrow-white.png */ = {isa = PBXFileReference; lastKnownFileType = image.png; path = "icon-menu-narrow-white.png"; sourceTree = "<group>"; };
		0781E0301C6FCE6F0061710B /* Charts.xcodeproj */ = {isa = PBXFileReference; lastKnownFileType = "wrapper.pb-project"; name = Charts.xcodeproj; path = "../../../../Downloads/ios-charts-master/Charts/Charts.xcodeproj"; sourceTree = "<group>"; };
		0783E1911C3EC4D800696727 /* WeatherBuilder.swift */ = {isa = PBXFileReference; fileEncoding = 4; lastKnownFileType = sourcecode.swift; path = WeatherBuilder.swift; sourceTree = "<group>"; };
		07850F841C4E822800EFE0E3 /* WeatherViewModel.swift */ = {isa = PBXFileReference; fileEncoding = 4; lastKnownFileType = sourcecode.swift; name = WeatherViewModel.swift; path = ../WeatherViewModel.swift; sourceTree = "<group>"; };
		0788BAB51C48017D00E89747 /* Alamofire.framework */ = {isa = PBXFileReference; lastKnownFileType = wrapper.framework; name = Alamofire.framework; path = /Users/YYH/Documents/iOS/WeatherApp/Carthage/Build/iOS/Alamofire.framework; sourceTree = "<absolute>"; };
		0788BAF91C48876700E89747 /* Alamofire.xcodeproj */ = {isa = PBXFileReference; lastKnownFileType = "wrapper.pb-project"; name = Alamofire.xcodeproj; path = "../../../Downloads/Alamofire-master/Alamofire.xcodeproj"; sourceTree = "<group>"; };
		0788BB131C48881400E89747 /* SwiftyJSON2.swift */ = {isa = PBXFileReference; fileEncoding = 4; lastKnownFileType = sourcecode.swift; name = SwiftyJSON2.swift; path = WeatherApp/SwiftyJSON2.swift; sourceTree = "<group>"; };
		079B5A7E1C6C32D00043D1C0 /* Summary.swift */ = {isa = PBXFileReference; fileEncoding = 4; lastKnownFileType = sourcecode.swift; path = Summary.swift; sourceTree = "<group>"; };
		079B5A7F1C6C32D00043D1C0 /* Summary.xib */ = {isa = PBXFileReference; fileEncoding = 4; lastKnownFileType = file.xib; path = Summary.xib; sourceTree = "<group>"; };
		079B5A801C6C32D00043D1C0 /* AirQuality.swift */ = {isa = PBXFileReference; fileEncoding = 4; lastKnownFileType = sourcecode.swift; path = AirQuality.swift; sourceTree = "<group>"; };
		079B5A811C6C32D00043D1C0 /* AirQuality.xib */ = {isa = PBXFileReference; fileEncoding = 4; lastKnownFileType = file.xib; path = AirQuality.xib; sourceTree = "<group>"; };
		079B5A821C6C32D00043D1C0 /* Graphs.swift */ = {isa = PBXFileReference; fileEncoding = 4; lastKnownFileType = sourcecode.swift; path = Graphs.swift; sourceTree = "<group>"; };
		079B5A831C6C32D00043D1C0 /* Graphs.xib */ = {isa = PBXFileReference; fileEncoding = 4; lastKnownFileType = file.xib; path = Graphs.xib; sourceTree = "<group>"; };
		07AB53661C3D6C1D009059B0 /* Observable.swift */ = {isa = PBXFileReference; fileEncoding = 4; lastKnownFileType = sourcecode.swift; path = Observable.swift; sourceTree = "<group>"; };
		07AB53681C3D9FC4009059B0 /* LocationService.swift */ = {isa = PBXFileReference; fileEncoding = 4; lastKnownFileType = sourcecode.swift; path = LocationService.swift; sourceTree = "<group>"; };
		07AB536A1C3DA552009059B0 /* Error.swift */ = {isa = PBXFileReference; fileEncoding = 4; lastKnownFileType = sourcecode.swift; path = Error.swift; sourceTree = "<group>"; };
		07AB53701C3DC7E1009059B0 /* Weather.swift */ = {isa = PBXFileReference; fileEncoding = 4; lastKnownFileType = sourcecode.swift; path = Weather.swift; sourceTree = "<group>"; };
		07AB53721C3DD856009059B0 /* Temperature.swift */ = {isa = PBXFileReference; fileEncoding = 4; lastKnownFileType = sourcecode.swift; path = Temperature.swift; sourceTree = "<group>"; };
		07AB53741C3DDCA3009059B0 /* WeatherIcon.swift */ = {isa = PBXFileReference; fileEncoding = 4; lastKnownFileType = sourcecode.swift; path = WeatherIcon.swift; sourceTree = "<group>"; };
		07BA25AA1C540E36009A69D6 /* HourlyViewModel.swift */ = {isa = PBXFileReference; fileEncoding = 4; lastKnownFileType = sourcecode.swift; path = HourlyViewModel.swift; sourceTree = "<group>"; };
		07BA25AC1C540EB0009A69D6 /* HourlyForecast.swift */ = {isa = PBXFileReference; fileEncoding = 4; lastKnownFileType = sourcecode.swift; path = HourlyForecast.swift; sourceTree = "<group>"; };
		07BA25AE1C54129D009A69D6 /* HourlyViewCell.swift */ = {isa = PBXFileReference; fileEncoding = 4; lastKnownFileType = sourcecode.swift; path = HourlyViewCell.swift; sourceTree = "<group>"; };
		07BA25B01C5414B5009A69D6 /* DailyViewCell.swift */ = {isa = PBXFileReference; fileEncoding = 4; lastKnownFileType = sourcecode.swift; path = DailyViewCell.swift; sourceTree = "<group>"; };
		07BA25B21C5446BC009A69D6 /* WeatherViewController.swift */ = {isa = PBXFileReference; fileEncoding = 4; lastKnownFileType = sourcecode.swift; name = WeatherViewController.swift; path = ../WeatherViewController.swift; sourceTree = "<group>"; };
		07EEC1631C58704E00EA1DC6 /* TimeDateConversion.swift */ = {isa = PBXFileReference; fileEncoding = 4; lastKnownFileType = sourcecode.swift; path = TimeDateConversion.swift; sourceTree = "<group>"; };
		6038D7911C0F7AAA000B17AD /* WeatherApp-Bridging-Header.h */ = {isa = PBXFileReference; lastKnownFileType = sourcecode.c.h; name = "WeatherApp-Bridging-Header.h"; path = "WeatherApp/WeatherApp-Bridging-Header.h"; sourceTree = "<group>"; };
		6038D7921C0F7AAB000B17AD /* UIImage+ImageEffects.h */ = {isa = PBXFileReference; fileEncoding = 4; lastKnownFileType = sourcecode.c.h; name = "UIImage+ImageEffects.h"; path = "WeatherApp/UIImage+ImageEffects.h"; sourceTree = "<group>"; };
		6038D7931C0F7AAB000B17AD /* UIImage+ImageEffects.m */ = {isa = PBXFileReference; fileEncoding = 4; lastKnownFileType = sourcecode.c.objc; name = "UIImage+ImageEffects.m"; path = "WeatherApp/UIImage+ImageEffects.m"; sourceTree = "<group>"; };
		6038D7941C0F7AAB000B17AD /* UIImageView+LBBlurredImage.h */ = {isa = PBXFileReference; fileEncoding = 4; lastKnownFileType = sourcecode.c.h; name = "UIImageView+LBBlurredImage.h"; path = "WeatherApp/UIImageView+LBBlurredImage.h"; sourceTree = "<group>"; };
		6038D7951C0F7AAB000B17AD /* UIImageView+LBBlurredImage.m */ = {isa = PBXFileReference; fileEncoding = 4; lastKnownFileType = sourcecode.c.objc; name = "UIImageView+LBBlurredImage.m"; path = "WeatherApp/UIImageView+LBBlurredImage.m"; sourceTree = "<group>"; };
		6038D7981C0F7D16000B17AD /* Images-2 */ = {isa = PBXFileReference; lastKnownFileType = folder; path = "Images-2"; sourceTree = "<group>"; };
		605D89B41C222E6800C5EA84 /* WeatherTableViewController.swift */ = {isa = PBXFileReference; fileEncoding = 4; lastKnownFileType = sourcecode.swift; path = WeatherTableViewController.swift; sourceTree = "<group>"; };
		60603B6A1C18B585002E9CA7 /* TodayWeaterCollectionViewCell.swift */ = {isa = PBXFileReference; fileEncoding = 4; lastKnownFileType = sourcecode.swift; path = TodayWeaterCollectionViewCell.swift; sourceTree = "<group>"; };
		6087453D1C2499E4007F5D7B /* HeaderCell.swift */ = {isa = PBXFileReference; fileEncoding = 4; lastKnownFileType = sourcecode.swift; path = HeaderCell.swift; sourceTree = "<group>"; };
		60DEB9561C07ACDA00CED811 /* WeatherApp.app */ = {isa = PBXFileReference; explicitFileType = wrapper.application; includeInIndex = 0; path = WeatherApp.app; sourceTree = BUILT_PRODUCTS_DIR; };
		60DEB9591C07ACDA00CED811 /* AppDelegate.swift */ = {isa = PBXFileReference; lastKnownFileType = sourcecode.swift; path = AppDelegate.swift; sourceTree = "<group>"; };
		60DEB95B1C07ACDA00CED811 /* ViewController.swift */ = {isa = PBXFileReference; lastKnownFileType = sourcecode.swift; path = ViewController.swift; sourceTree = "<group>"; };
		60DEB95E1C07ACDA00CED811 /* Base */ = {isa = PBXFileReference; lastKnownFileType = file.storyboard; name = Base; path = Base.lproj/Main.storyboard; sourceTree = "<group>"; };
		60DEB9601C07ACDA00CED811 /* Assets.xcassets */ = {isa = PBXFileReference; lastKnownFileType = folder.assetcatalog; path = Assets.xcassets; sourceTree = "<group>"; };
		60DEB9631C07ACDA00CED811 /* Base */ = {isa = PBXFileReference; lastKnownFileType = file.storyboard; name = Base; path = Base.lproj/LaunchScreen.storyboard; sourceTree = "<group>"; };
		60DEB9651C07ACDA00CED811 /* Info.plist */ = {isa = PBXFileReference; lastKnownFileType = text.plist.xml; path = Info.plist; sourceTree = "<group>"; };
		60DEB96A1C07ACDA00CED811 /* WeatherAppTests.xctest */ = {isa = PBXFileReference; explicitFileType = wrapper.cfbundle; includeInIndex = 0; path = WeatherAppTests.xctest; sourceTree = BUILT_PRODUCTS_DIR; };
		60DEB96E1C07ACDA00CED811 /* WeatherAppTests.swift */ = {isa = PBXFileReference; lastKnownFileType = sourcecode.swift; path = WeatherAppTests.swift; sourceTree = "<group>"; };
		60DEB9701C07ACDA00CED811 /* Info.plist */ = {isa = PBXFileReference; lastKnownFileType = text.plist.xml; path = Info.plist; sourceTree = "<group>"; };
		60DEB9751C07ACDA00CED811 /* WeatherAppUITests.xctest */ = {isa = PBXFileReference; explicitFileType = wrapper.cfbundle; includeInIndex = 0; path = WeatherAppUITests.xctest; sourceTree = BUILT_PRODUCTS_DIR; };
		60DEB9791C07ACDA00CED811 /* WeatherAppUITests.swift */ = {isa = PBXFileReference; lastKnownFileType = sourcecode.swift; path = WeatherAppUITests.swift; sourceTree = "<group>"; };
		60DEB97B1C07ACDA00CED811 /* Info.plist */ = {isa = PBXFileReference; lastKnownFileType = text.plist.xml; path = Info.plist; sourceTree = "<group>"; };
/* End PBXFileReference section */

/* Begin PBXFrameworksBuildPhase section */
		60DEB9531C07ACDA00CED811 /* Frameworks */ = {
			isa = PBXFrameworksBuildPhase;
			buildActionMask = 2147483647;
			files = (
				0781E0411C6FCED90061710B /* Charts.framework in Frameworks */,
				0788BABB1C484B9300E89747 /* Alamofire.framework in Frameworks */,
				0788BB171C48894B00E89747 /* Alamofire.framework in Frameworks */,
			);
			runOnlyForDeploymentPostprocessing = 0;
		};
		60DEB9671C07ACDA00CED811 /* Frameworks */ = {
			isa = PBXFrameworksBuildPhase;
			buildActionMask = 2147483647;
			files = (
			);
			runOnlyForDeploymentPostprocessing = 0;
		};
		60DEB9721C07ACDA00CED811 /* Frameworks */ = {
			isa = PBXFrameworksBuildPhase;
			buildActionMask = 2147483647;
			files = (
			);
			runOnlyForDeploymentPostprocessing = 0;
		};
/* End PBXFrameworksBuildPhase section */

/* Begin PBXGroup section */
		0769B9B11C4C8CD200EEC4D9 /* DailyForecast */ = {
			isa = PBXGroup;
			children = (
				0769B9B71C4C8D0F00EEC4D9 /* DailyViewModel.swift */,
				6087453D1C2499E4007F5D7B /* HeaderCell.swift */,
				0769B9B91C4C8D7500EEC4D9 /* DailyForecast.swift */,
				605D89B41C222E6800C5EA84 /* WeatherTableViewController.swift */,
				07BA25B01C5414B5009A69D6 /* DailyViewCell.swift */,
			);
			name = DailyForecast;
			path = ..;
			sourceTree = "<group>";
		};
		0781E0311C6FCE6F0061710B /* Products */ = {
			isa = PBXGroup;
			children = (
				0781E03C1C6FCE700061710B /* Charts.framework */,
				0781E03E1C6FCE700061710B /* Charts.framework */,
				0781E0401C6FCE700061710B /* ChartsTests.xctest */,
			);
			name = Products;
			sourceTree = "<group>";
		};
		07850F8B1C4E823A00EFE0E3 /* ThirdParty */ = {
			isa = PBXGroup;
			children = (
				6038D7931C0F7AAB000B17AD /* UIImage+ImageEffects.m */,
				6038D7941C0F7AAB000B17AD /* UIImageView+LBBlurredImage.h */,
				6038D7951C0F7AAB000B17AD /* UIImageView+LBBlurredImage.m */,
				6038D7921C0F7AAB000B17AD /* UIImage+ImageEffects.h */,
				6038D7911C0F7AAA000B17AD /* WeatherApp-Bridging-Header.h */,
				0788BB131C48881400E89747 /* SwiftyJSON2.swift */,
			);
			name = ThirdParty;
			sourceTree = "<group>";
		};
		0788BAB11C47FC3800E89747 /* Services */ = {
			isa = PBXGroup;
			children = (
				072762771C66D81C005E524E /* InternetServices.swift */,
				072762791C66D862005E524E /* ServiceProtocol.swift */,
			);
			name = Services;
			sourceTree = "<group>";
		};
		0788BAB41C48013600E89747 /* Frameworks */ = {
			isa = PBXGroup;
			children = (
				0788BAF91C48876700E89747 /* Alamofire.xcodeproj */,
			);
			name = Frameworks;
			sourceTree = "<group>";
		};
		0788BAFA1C48876700E89747 /* Products */ = {
			isa = PBXGroup;
			children = (
				0788BB041C48876800E89747 /* Alamofire.framework */,
				0788BB061C48876800E89747 /* Alamofire iOS Tests.xctest */,
				0788BB0A1C48876800E89747 /* Alamofire OSX Tests.xctest */,
				0788BB0C1C48876800E89747 /* Alamofire.framework */,
				0788BB0E1C48876800E89747 /* Alamofire tvOS Tests.xctest */,
				0788BB101C48876800E89747 /* Alamofire.framework */,
			);
			name = Products;
			sourceTree = "<group>";
		};
		079B5A761C6C2F670043D1C0 /* Contents */ = {
			isa = PBXGroup;
			children = (
				079B5A7E1C6C32D00043D1C0 /* Summary.swift */,
				079B5A7F1C6C32D00043D1C0 /* Summary.xib */,
				079B5A801C6C32D00043D1C0 /* AirQuality.swift */,
				079B5A811C6C32D00043D1C0 /* AirQuality.xib */,
				079B5A821C6C32D00043D1C0 /* Graphs.swift */,
				079B5A831C6C32D00043D1C0 /* Graphs.xib */,
			);
			name = Contents;
			sourceTree = "<group>";
		};
		07AB53651C3D6AA8009059B0 /* Basics */ = {
			isa = PBXGroup;
			children = (
				07AB53661C3D6C1D009059B0 /* Observable.swift */,
				07AB53681C3D9FC4009059B0 /* LocationService.swift */,
				07AB536A1C3DA552009059B0 /* Error.swift */,
				07EEC1631C58704E00EA1DC6 /* TimeDateConversion.swift */,
			);
			name = Basics;
			sourceTree = "<group>";
		};
		07AB536F1C3DC7BB009059B0 /* BasicModels */ = {
			isa = PBXGroup;
			children = (
				07AB53701C3DC7E1009059B0 /* Weather.swift */,
				07AB53721C3DD856009059B0 /* Temperature.swift */,
				07AB53741C3DDCA3009059B0 /* WeatherIcon.swift */,
				0783E1911C3EC4D800696727 /* WeatherBuilder.swift */,
				072762731C6691C1005E524E /* FlickrPhoto.swift */,
				076FDE641C6D34C300833B0B /* WindDirection.swift */,
			);
			name = BasicModels;
			sourceTree = "<group>";
		};
		07AE5B831C46A4CF00CE084E /* HourlyForecast */ = {
			isa = PBXGroup;
			children = (
				60603B6A1C18B585002E9CA7 /* TodayWeaterCollectionViewCell.swift */,
				07BA25AA1C540E36009A69D6 /* HourlyViewModel.swift */,
				07BA25AC1C540EB0009A69D6 /* HourlyForecast.swift */,
				07BA25AE1C54129D009A69D6 /* HourlyViewCell.swift */,
			);
			name = HourlyForecast;
			sourceTree = "<group>";
		};
		60DEB94D1C07ACDA00CED811 = {
			isa = PBXGroup;
			children = (
				07850F8B1C4E823A00EFE0E3 /* ThirdParty */,
				60DEB9581C07ACDA00CED811 /* WeatherApp */,
				60DEB96D1C07ACDA00CED811 /* WeatherAppTests */,
				60DEB9781C07ACDA00CED811 /* WeatherAppUITests */,
				60DEB9571C07ACDA00CED811 /* Products */,
				0788BAB41C48013600E89747 /* Frameworks */,
			);
			sourceTree = "<group>";
		};
		60DEB9571C07ACDA00CED811 /* Products */ = {
			isa = PBXGroup;
			children = (
				60DEB9561C07ACDA00CED811 /* WeatherApp.app */,
				60DEB96A1C07ACDA00CED811 /* WeatherAppTests.xctest */,
				60DEB9751C07ACDA00CED811 /* WeatherAppUITests.xctest */,
			);
			name = Products;
			sourceTree = "<group>";
		};
		60DEB9581C07ACDA00CED811 /* WeatherApp */ = {
			isa = PBXGroup;
			children = (
				079B5A761C6C2F670043D1C0 /* Contents */,
				07AB536F1C3DC7BB009059B0 /* BasicModels */,
				07AB53651C3D6AA8009059B0 /* Basics */,
				60DEB9591C07ACDA00CED811 /* AppDelegate.swift */,
				60DEB95D1C07ACDA00CED811 /* Main.storyboard */,
				60DEB9601C07ACDA00CED811 /* Assets.xcassets */,
				0778C9DE1C8930F400C02DFE /* icon-menu-narrow-white.png */,
				0778C9DC1C892CDF00C02DFE /* Menu-20.png */,
				0778C9D31C88D58300C02DFE /* Menu-30.png */,
				0781E0301C6FCE6F0061710B /* Charts.xcodeproj */,
				6038D7981C0F7D16000B17AD /* Images-2 */,
				60DEB9621C07ACDA00CED811 /* LaunchScreen.storyboard */,
				60DEB9651C07ACDA00CED811 /* Info.plist */,
				60DEB95B1C07ACDA00CED811 /* ViewController.swift */,
				0788BAB11C47FC3800E89747 /* Services */,
				07850F841C4E822800EFE0E3 /* WeatherViewModel.swift */,
				07BA25B21C5446BC009A69D6 /* WeatherViewController.swift */,
				0769B9B11C4C8CD200EEC4D9 /* DailyForecast */,
				07AE5B831C46A4CF00CE084E /* HourlyForecast */,
			);
			path = WeatherApp;
			sourceTree = "<group>";
		};
		60DEB96D1C07ACDA00CED811 /* WeatherAppTests */ = {
			isa = PBXGroup;
			children = (
				60DEB96E1C07ACDA00CED811 /* WeatherAppTests.swift */,
				60DEB9701C07ACDA00CED811 /* Info.plist */,
			);
			path = WeatherAppTests;
			sourceTree = "<group>";
		};
		60DEB9781C07ACDA00CED811 /* WeatherAppUITests */ = {
			isa = PBXGroup;
			children = (
				60DEB9791C07ACDA00CED811 /* WeatherAppUITests.swift */,
				60DEB97B1C07ACDA00CED811 /* Info.plist */,
			);
			path = WeatherAppUITests;
			sourceTree = "<group>";
		};
/* End PBXGroup section */

/* Begin PBXNativeTarget section */
		60DEB9551C07ACDA00CED811 /* WeatherApp */ = {
			isa = PBXNativeTarget;
			buildConfigurationList = 60DEB97E1C07ACDA00CED811 /* Build configuration list for PBXNativeTarget "WeatherApp" */;
			buildPhases = (
				60DEB9521C07ACDA00CED811 /* Sources */,
				60DEB9531C07ACDA00CED811 /* Frameworks */,
				60DEB9541C07ACDA00CED811 /* Resources */,
				0788BABD1C484B9400E89747 /* Embed Frameworks */,
				0788BB1B1C48894C00E89747 /* Embed Frameworks */,
			);
			buildRules = (
			);
			dependencies = (
				0788BB161C48886100E89747 /* PBXTargetDependency */,
				0788BB1A1C48894B00E89747 /* PBXTargetDependency */,
				0781E0441C6FCED90061710B /* PBXTargetDependency */,
			);
			name = WeatherApp;
			productName = WeatherApp;
			productReference = 60DEB9561C07ACDA00CED811 /* WeatherApp.app */;
			productType = "com.apple.product-type.application";
		};
		60DEB9691C07ACDA00CED811 /* WeatherAppTests */ = {
			isa = PBXNativeTarget;
			buildConfigurationList = 60DEB9811C07ACDA00CED811 /* Build configuration list for PBXNativeTarget "WeatherAppTests" */;
			buildPhases = (
				60DEB9661C07ACDA00CED811 /* Sources */,
				60DEB9671C07ACDA00CED811 /* Frameworks */,
				60DEB9681C07ACDA00CED811 /* Resources */,
			);
			buildRules = (
			);
			dependencies = (
				60DEB96C1C07ACDA00CED811 /* PBXTargetDependency */,
			);
			name = WeatherAppTests;
			productName = WeatherAppTests;
			productReference = 60DEB96A1C07ACDA00CED811 /* WeatherAppTests.xctest */;
			productType = "com.apple.product-type.bundle.unit-test";
		};
		60DEB9741C07ACDA00CED811 /* WeatherAppUITests */ = {
			isa = PBXNativeTarget;
			buildConfigurationList = 60DEB9841C07ACDA00CED811 /* Build configuration list for PBXNativeTarget "WeatherAppUITests" */;
			buildPhases = (
				60DEB9711C07ACDA00CED811 /* Sources */,
				60DEB9721C07ACDA00CED811 /* Frameworks */,
				60DEB9731C07ACDA00CED811 /* Resources */,
			);
			buildRules = (
			);
			dependencies = (
				60DEB9771C07ACDA00CED811 /* PBXTargetDependency */,
			);
			name = WeatherAppUITests;
			productName = WeatherAppUITests;
			productReference = 60DEB9751C07ACDA00CED811 /* WeatherAppUITests.xctest */;
			productType = "com.apple.product-type.bundle.ui-testing";
		};
/* End PBXNativeTarget section */

/* Begin PBXProject section */
		60DEB94E1C07ACDA00CED811 /* Project object */ = {
			isa = PBXProject;
			attributes = {
				LastSwiftUpdateCheck = 0710;
				LastUpgradeCheck = 0710;
				ORGANIZATIONNAME = "Jun Jun";
				TargetAttributes = {
					60DEB9551C07ACDA00CED811 = {
						CreatedOnToolsVersion = 7.1.1;
					};
					60DEB9691C07ACDA00CED811 = {
						CreatedOnToolsVersion = 7.1.1;
						TestTargetID = 60DEB9551C07ACDA00CED811;
					};
					60DEB9741C07ACDA00CED811 = {
						CreatedOnToolsVersion = 7.1.1;
						TestTargetID = 60DEB9551C07ACDA00CED811;
					};
				};
			};
			buildConfigurationList = 60DEB9511C07ACDA00CED811 /* Build configuration list for PBXProject "WeatherApp" */;
			compatibilityVersion = "Xcode 3.2";
			developmentRegion = English;
			hasScannedForEncodings = 0;
			knownRegions = (
				en,
				Base,
			);
			mainGroup = 60DEB94D1C07ACDA00CED811;
			productRefGroup = 60DEB9571C07ACDA00CED811 /* Products */;
			projectDirPath = "";
			projectReferences = (
				{
					ProductGroup = 0788BAFA1C48876700E89747 /* Products */;
					ProjectRef = 0788BAF91C48876700E89747 /* Alamofire.xcodeproj */;
				},
				{
					ProductGroup = 0781E0311C6FCE6F0061710B /* Products */;
					ProjectRef = 0781E0301C6FCE6F0061710B /* Charts.xcodeproj */;
				},
			);
			projectRoot = "";
			targets = (
				60DEB9551C07ACDA00CED811 /* WeatherApp */,
				60DEB9691C07ACDA00CED811 /* WeatherAppTests */,
				60DEB9741C07ACDA00CED811 /* WeatherAppUITests */,
			);
		};
/* End PBXProject section */

/* Begin PBXReferenceProxy section */
		0781E03C1C6FCE700061710B /* Charts.framework */ = {
			isa = PBXReferenceProxy;
			fileType = wrapper.framework;
			path = Charts.framework;
			remoteRef = 0781E03B1C6FCE700061710B /* PBXContainerItemProxy */;
			sourceTree = BUILT_PRODUCTS_DIR;
		};
		0781E03E1C6FCE700061710B /* Charts.framework */ = {
			isa = PBXReferenceProxy;
			fileType = wrapper.framework;
			path = Charts.framework;
			remoteRef = 0781E03D1C6FCE700061710B /* PBXContainerItemProxy */;
			sourceTree = BUILT_PRODUCTS_DIR;
		};
		0781E0401C6FCE700061710B /* ChartsTests.xctest */ = {
			isa = PBXReferenceProxy;
			fileType = wrapper.cfbundle;
			path = ChartsTests.xctest;
			remoteRef = 0781E03F1C6FCE700061710B /* PBXContainerItemProxy */;
			sourceTree = BUILT_PRODUCTS_DIR;
		};
		0788BB041C48876800E89747 /* Alamofire.framework */ = {
			isa = PBXReferenceProxy;
			fileType = wrapper.framework;
			path = Alamofire.framework;
			remoteRef = 0788BB031C48876800E89747 /* PBXContainerItemProxy */;
			sourceTree = BUILT_PRODUCTS_DIR;
		};
		0788BB061C48876800E89747 /* Alamofire iOS Tests.xctest */ = {
			isa = PBXReferenceProxy;
			fileType = wrapper.cfbundle;
			path = "Alamofire iOS Tests.xctest";
			remoteRef = 0788BB051C48876800E89747 /* PBXContainerItemProxy */;
			sourceTree = BUILT_PRODUCTS_DIR;
		};
		0788BB0A1C48876800E89747 /* Alamofire OSX Tests.xctest */ = {
			isa = PBXReferenceProxy;
			fileType = wrapper.cfbundle;
			path = "Alamofire OSX Tests.xctest";
			remoteRef = 0788BB091C48876800E89747 /* PBXContainerItemProxy */;
			sourceTree = BUILT_PRODUCTS_DIR;
		};
		0788BB0C1C48876800E89747 /* Alamofire.framework */ = {
			isa = PBXReferenceProxy;
			fileType = wrapper.framework;
			path = Alamofire.framework;
			remoteRef = 0788BB0B1C48876800E89747 /* PBXContainerItemProxy */;
			sourceTree = BUILT_PRODUCTS_DIR;
		};
		0788BB0E1C48876800E89747 /* Alamofire tvOS Tests.xctest */ = {
			isa = PBXReferenceProxy;
			fileType = wrapper.cfbundle;
			path = "Alamofire tvOS Tests.xctest";
			remoteRef = 0788BB0D1C48876800E89747 /* PBXContainerItemProxy */;
			sourceTree = BUILT_PRODUCTS_DIR;
		};
		0788BB101C48876800E89747 /* Alamofire.framework */ = {
			isa = PBXReferenceProxy;
			fileType = wrapper.framework;
			path = Alamofire.framework;
			remoteRef = 0788BB0F1C48876800E89747 /* PBXContainerItemProxy */;
			sourceTree = BUILT_PRODUCTS_DIR;
		};
/* End PBXReferenceProxy section */

/* Begin PBXResourcesBuildPhase section */
		60DEB9541C07ACDA00CED811 /* Resources */ = {
			isa = PBXResourcesBuildPhase;
			buildActionMask = 2147483647;
			files = (
				0778C9DF1C8930F400C02DFE /* icon-menu-narrow-white.png in Resources */,
				079B5A871C6C32D00043D1C0 /* AirQuality.xib in Resources */,
				079B5A851C6C32D00043D1C0 /* Summary.xib in Resources */,
				079B5A891C6C32D00043D1C0 /* Graphs.xib in Resources */,
				0778C9D41C88D58300C02DFE /* Menu-30.png in Resources */,
				60DEB9641C07ACDA00CED811 /* LaunchScreen.storyboard in Resources */,
				0778C9DD1C892CE000C02DFE /* Menu-20.png in Resources */,
				6038D7991C0F7D16000B17AD /* Images-2 in Resources */,
				60DEB9611C07ACDA00CED811 /* Assets.xcassets in Resources */,
				60DEB95F1C07ACDA00CED811 /* Main.storyboard in Resources */,
			);
			runOnlyForDeploymentPostprocessing = 0;
		};
		60DEB9681C07ACDA00CED811 /* Resources */ = {
			isa = PBXResourcesBuildPhase;
			buildActionMask = 2147483647;
			files = (
			);
			runOnlyForDeploymentPostprocessing = 0;
		};
		60DEB9731C07ACDA00CED811 /* Resources */ = {
			isa = PBXResourcesBuildPhase;
			buildActionMask = 2147483647;
			files = (
			);
			runOnlyForDeploymentPostprocessing = 0;
		};
/* End PBXResourcesBuildPhase section */

/* Begin PBXSourcesBuildPhase section */
		60DEB9521C07ACDA00CED811 /* Sources */ = {
			isa = PBXSourcesBuildPhase;
			buildActionMask = 2147483647;
			files = (
				0769B9BA1C4C8D7500EEC4D9 /* DailyForecast.swift in Sources */,
				07BA25B31C5446BC009A69D6 /* WeatherViewController.swift in Sources */,
				072762781C66D81C005E524E /* InternetServices.swift in Sources */,
				6038D7961C0F7AAB000B17AD /* UIImage+ImageEffects.m in Sources */,
				6038D7971C0F7AAB000B17AD /* UIImageView+LBBlurredImage.m in Sources */,
				076FDE651C6D34C300833B0B /* WindDirection.swift in Sources */,
				60603B6B1C18B585002E9CA7 /* TodayWeaterCollectionViewCell.swift in Sources */,
				079B5A841C6C32D00043D1C0 /* Summary.swift in Sources */,
				07850F851C4E822800EFE0E3 /* WeatherViewModel.swift in Sources */,
				0769B9B81C4C8D0F00EEC4D9 /* DailyViewModel.swift in Sources */,
				07AB53671C3D6C1D009059B0 /* Observable.swift in Sources */,
				0783E1921C3EC4D800696727 /* WeatherBuilder.swift in Sources */,
				07AB53711C3DC7E1009059B0 /* Weather.swift in Sources */,
				079B5A881C6C32D00043D1C0 /* Graphs.swift in Sources */,
				605D89B51C222E6800C5EA84 /* WeatherTableViewController.swift in Sources */,
				07AB53731C3DD856009059B0 /* Temperature.swift in Sources */,
				079B5A861C6C32D00043D1C0 /* AirQuality.swift in Sources */,
				0788BB141C48881400E89747 /* SwiftyJSON2.swift in Sources */,
				07BA25AB1C540E36009A69D6 /* HourlyViewModel.swift in Sources */,
				60DEB95C1C07ACDA00CED811 /* ViewController.swift in Sources */,
				07AB53691C3D9FC4009059B0 /* LocationService.swift in Sources */,
				07BA25B11C5414B5009A69D6 /* DailyViewCell.swift in Sources */,
				07BA25AF1C54129D009A69D6 /* HourlyViewCell.swift in Sources */,
				07EEC1641C58704E00EA1DC6 /* TimeDateConversion.swift in Sources */,
				07AB53751C3DDCA3009059B0 /* WeatherIcon.swift in Sources */,
				6087453E1C2499E4007F5D7B /* HeaderCell.swift in Sources */,
				07AB536B1C3DA552009059B0 /* Error.swift in Sources */,
				072762741C6691C1005E524E /* FlickrPhoto.swift in Sources */,
				0727627A1C66D862005E524E /* ServiceProtocol.swift in Sources */,
				07BA25AD1C540EB0009A69D6 /* HourlyForecast.swift in Sources */,
				60DEB95A1C07ACDA00CED811 /* AppDelegate.swift in Sources */,
			);
			runOnlyForDeploymentPostprocessing = 0;
		};
		60DEB9661C07ACDA00CED811 /* Sources */ = {
			isa = PBXSourcesBuildPhase;
			buildActionMask = 2147483647;
			files = (
				60DEB96F1C07ACDA00CED811 /* WeatherAppTests.swift in Sources */,
			);
			runOnlyForDeploymentPostprocessing = 0;
		};
		60DEB9711C07ACDA00CED811 /* Sources */ = {
			isa = PBXSourcesBuildPhase;
			buildActionMask = 2147483647;
			files = (
				60DEB97A1C07ACDA00CED811 /* WeatherAppUITests.swift in Sources */,
			);
			runOnlyForDeploymentPostprocessing = 0;
		};
/* End PBXSourcesBuildPhase section */

/* Begin PBXTargetDependency section */
		0781E0441C6FCED90061710B /* PBXTargetDependency */ = {
			isa = PBXTargetDependency;
			name = "Charts-iOS";
			targetProxy = 0781E0431C6FCED90061710B /* PBXContainerItemProxy */;
		};
		0788BB161C48886100E89747 /* PBXTargetDependency */ = {
			isa = PBXTargetDependency;
			name = "Alamofire iOS";
			targetProxy = 0788BB151C48886100E89747 /* PBXContainerItemProxy */;
		};
		0788BB1A1C48894B00E89747 /* PBXTargetDependency */ = {
			isa = PBXTargetDependency;
			name = "Alamofire iOS";
			targetProxy = 0788BB191C48894B00E89747 /* PBXContainerItemProxy */;
		};
		60DEB96C1C07ACDA00CED811 /* PBXTargetDependency */ = {
			isa = PBXTargetDependency;
			target = 60DEB9551C07ACDA00CED811 /* WeatherApp */;
			targetProxy = 60DEB96B1C07ACDA00CED811 /* PBXContainerItemProxy */;
		};
		60DEB9771C07ACDA00CED811 /* PBXTargetDependency */ = {
			isa = PBXTargetDependency;
			target = 60DEB9551C07ACDA00CED811 /* WeatherApp */;
			targetProxy = 60DEB9761C07ACDA00CED811 /* PBXContainerItemProxy */;
		};
/* End PBXTargetDependency section */

/* Begin PBXVariantGroup section */
		60DEB95D1C07ACDA00CED811 /* Main.storyboard */ = {
			isa = PBXVariantGroup;
			children = (
				60DEB95E1C07ACDA00CED811 /* Base */,
			);
			name = Main.storyboard;
			sourceTree = "<group>";
		};
		60DEB9621C07ACDA00CED811 /* LaunchScreen.storyboard */ = {
			isa = PBXVariantGroup;
			children = (
				60DEB9631C07ACDA00CED811 /* Base */,
			);
			name = LaunchScreen.storyboard;
			sourceTree = "<group>";
		};
/* End PBXVariantGroup section */

/* Begin XCBuildConfiguration section */
		60DEB97C1C07ACDA00CED811 /* Debug */ = {
			isa = XCBuildConfiguration;
			buildSettings = {
				ALWAYS_SEARCH_USER_PATHS = NO;
				CLANG_CXX_LANGUAGE_STANDARD = "gnu++0x";
				CLANG_CXX_LIBRARY = "libc++";
				CLANG_ENABLE_MODULES = YES;
				CLANG_ENABLE_OBJC_ARC = YES;
				CLANG_WARN_BOOL_CONVERSION = YES;
				CLANG_WARN_CONSTANT_CONVERSION = YES;
				CLANG_WARN_DIRECT_OBJC_ISA_USAGE = YES_ERROR;
				CLANG_WARN_EMPTY_BODY = YES;
				CLANG_WARN_ENUM_CONVERSION = YES;
				CLANG_WARN_INT_CONVERSION = YES;
				CLANG_WARN_OBJC_ROOT_CLASS = YES_ERROR;
				CLANG_WARN_UNREACHABLE_CODE = YES;
				CLANG_WARN__DUPLICATE_METHOD_MATCH = YES;
				"CODE_SIGN_IDENTITY[sdk=iphoneos*]" = "iPhone Developer";
				COPY_PHASE_STRIP = NO;
				DEBUG_INFORMATION_FORMAT = dwarf;
				ENABLE_STRICT_OBJC_MSGSEND = YES;
				ENABLE_TESTABILITY = YES;
				GCC_C_LANGUAGE_STANDARD = gnu99;
				GCC_DYNAMIC_NO_PIC = NO;
				GCC_NO_COMMON_BLOCKS = YES;
				GCC_OPTIMIZATION_LEVEL = 0;
				GCC_PREPROCESSOR_DEFINITIONS = (
					"DEBUG=1",
					"$(inherited)",
				);
				GCC_WARN_64_TO_32_BIT_CONVERSION = YES;
				GCC_WARN_ABOUT_RETURN_TYPE = YES_ERROR;
				GCC_WARN_UNDECLARED_SELECTOR = YES;
				GCC_WARN_UNINITIALIZED_AUTOS = YES_AGGRESSIVE;
				GCC_WARN_UNUSED_FUNCTION = YES;
				GCC_WARN_UNUSED_VARIABLE = YES;
				IPHONEOS_DEPLOYMENT_TARGET = 9.2;
				MTL_ENABLE_DEBUG_INFO = YES;
				ONLY_ACTIVE_ARCH = YES;
				SDKROOT = iphoneos;
				SWIFT_OPTIMIZATION_LEVEL = "-Onone";
				TARGETED_DEVICE_FAMILY = "1,2";
			};
			name = Debug;
		};
		60DEB97D1C07ACDA00CED811 /* Release */ = {
			isa = XCBuildConfiguration;
			buildSettings = {
				ALWAYS_SEARCH_USER_PATHS = NO;
				CLANG_CXX_LANGUAGE_STANDARD = "gnu++0x";
				CLANG_CXX_LIBRARY = "libc++";
				CLANG_ENABLE_MODULES = YES;
				CLANG_ENABLE_OBJC_ARC = YES;
				CLANG_WARN_BOOL_CONVERSION = YES;
				CLANG_WARN_CONSTANT_CONVERSION = YES;
				CLANG_WARN_DIRECT_OBJC_ISA_USAGE = YES_ERROR;
				CLANG_WARN_EMPTY_BODY = YES;
				CLANG_WARN_ENUM_CONVERSION = YES;
				CLANG_WARN_INT_CONVERSION = YES;
				CLANG_WARN_OBJC_ROOT_CLASS = YES_ERROR;
				CLANG_WARN_UNREACHABLE_CODE = YES;
				CLANG_WARN__DUPLICATE_METHOD_MATCH = YES;
				"CODE_SIGN_IDENTITY[sdk=iphoneos*]" = "iPhone Developer";
				COPY_PHASE_STRIP = NO;
				DEBUG_INFORMATION_FORMAT = "dwarf-with-dsym";
				ENABLE_NS_ASSERTIONS = NO;
				ENABLE_STRICT_OBJC_MSGSEND = YES;
				GCC_C_LANGUAGE_STANDARD = gnu99;
				GCC_NO_COMMON_BLOCKS = YES;
				GCC_WARN_64_TO_32_BIT_CONVERSION = YES;
				GCC_WARN_ABOUT_RETURN_TYPE = YES_ERROR;
				GCC_WARN_UNDECLARED_SELECTOR = YES;
				GCC_WARN_UNINITIALIZED_AUTOS = YES_AGGRESSIVE;
				GCC_WARN_UNUSED_FUNCTION = YES;
				GCC_WARN_UNUSED_VARIABLE = YES;
				IPHONEOS_DEPLOYMENT_TARGET = 9.2;
				MTL_ENABLE_DEBUG_INFO = NO;
				SDKROOT = iphoneos;
				TARGETED_DEVICE_FAMILY = "1,2";
				VALIDATE_PRODUCT = YES;
			};
			name = Release;
		};
		60DEB97F1C07ACDA00CED811 /* Debug */ = {
			isa = XCBuildConfiguration;
			buildSettings = {
				ASSETCATALOG_COMPILER_APPICON_NAME = AppIcon;
				CLANG_ENABLE_MODULES = YES;
				EMBEDDED_CONTENT_CONTAINS_SWIFT = YES;
				FRAMEWORK_SEARCH_PATHS = (
					"$(inherited)",
					"$(PROJECT_DIR)/Carthage/Build/iOS",
				);
				INFOPLIST_FILE = WeatherApp/Info.plist;
				IPHONEOS_DEPLOYMENT_TARGET = 9.2;
				LD_RUNPATH_SEARCH_PATHS = "$(inherited) @executable_path/Frameworks";
				PRODUCT_BUNDLE_IDENTIFIER = com.JunDang.WeatherApp;
				PRODUCT_NAME = "$(TARGET_NAME)";
				SWIFT_OBJC_BRIDGING_HEADER = "WeatherApp/WeatherApp-Bridging-Header.h";
				SWIFT_OPTIMIZATION_LEVEL = "-Onone";
			};
			name = Debug;
		};
		60DEB9801C07ACDA00CED811 /* Release */ = {
			isa = XCBuildConfiguration;
			buildSettings = {
				ASSETCATALOG_COMPILER_APPICON_NAME = AppIcon;
				CLANG_ENABLE_MODULES = YES;
				EMBEDDED_CONTENT_CONTAINS_SWIFT = YES;
				FRAMEWORK_SEARCH_PATHS = (
					"$(inherited)",
					"$(PROJECT_DIR)/Carthage/Build/iOS",
				);
				INFOPLIST_FILE = WeatherApp/Info.plist;
				IPHONEOS_DEPLOYMENT_TARGET = 9.2;
				LD_RUNPATH_SEARCH_PATHS = "$(inherited) @executable_path/Frameworks";
				PRODUCT_BUNDLE_IDENTIFIER = com.JunDang.WeatherApp;
				PRODUCT_NAME = "$(TARGET_NAME)";
				SWIFT_OBJC_BRIDGING_HEADER = "WeatherApp/WeatherApp-Bridging-Header.h";
			};
			name = Release;
		};
		60DEB9821C07ACDA00CED811 /* Debug */ = {
			isa = XCBuildConfiguration;
			buildSettings = {
				BUNDLE_LOADER = "$(TEST_HOST)";
				INFOPLIST_FILE = WeatherAppTests/Info.plist;
				LD_RUNPATH_SEARCH_PATHS = "$(inherited) @executable_path/Frameworks @loader_path/Frameworks";
				PRODUCT_BUNDLE_IDENTIFIER = com.JunDang.WeatherAppTests;
				PRODUCT_NAME = "$(TARGET_NAME)";
				TEST_HOST = "$(BUILT_PRODUCTS_DIR)/WeatherApp.app/WeatherApp";
			};
			name = Debug;
		};
		60DEB9831C07ACDA00CED811 /* Release */ = {
			isa = XCBuildConfiguration;
			buildSettings = {
				BUNDLE_LOADER = "$(TEST_HOST)";
				INFOPLIST_FILE = WeatherAppTests/Info.plist;
				LD_RUNPATH_SEARCH_PATHS = "$(inherited) @executable_path/Frameworks @loader_path/Frameworks";
				PRODUCT_BUNDLE_IDENTIFIER = com.JunDang.WeatherAppTests;
				PRODUCT_NAME = "$(TARGET_NAME)";
				TEST_HOST = "$(BUILT_PRODUCTS_DIR)/WeatherApp.app/WeatherApp";
			};
			name = Release;
		};
		60DEB9851C07ACDA00CED811 /* Debug */ = {
			isa = XCBuildConfiguration;
			buildSettings = {
				INFOPLIST_FILE = WeatherAppUITests/Info.plist;
				LD_RUNPATH_SEARCH_PATHS = "$(inherited) @executable_path/Frameworks @loader_path/Frameworks";
				PRODUCT_BUNDLE_IDENTIFIER = com.JunDang.WeatherAppUITests;
				PRODUCT_NAME = "$(TARGET_NAME)";
				TEST_TARGET_NAME = WeatherApp;
				USES_XCTRUNNER = YES;
			};
			name = Debug;
		};
		60DEB9861C07ACDA00CED811 /* Release */ = {
			isa = XCBuildConfiguration;
			buildSettings = {
				INFOPLIST_FILE = WeatherAppUITests/Info.plist;
				LD_RUNPATH_SEARCH_PATHS = "$(inherited) @executable_path/Frameworks @loader_path/Frameworks";
				PRODUCT_BUNDLE_IDENTIFIER = com.JunDang.WeatherAppUITests;
				PRODUCT_NAME = "$(TARGET_NAME)";
				TEST_TARGET_NAME = WeatherApp;
				USES_XCTRUNNER = YES;
			};
			name = Release;
		};
/* End XCBuildConfiguration section */

/* Begin XCConfigurationList section */
		60DEB9511C07ACDA00CED811 /* Build configuration list for PBXProject "WeatherApp" */ = {
			isa = XCConfigurationList;
			buildConfigurations = (
				60DEB97C1C07ACDA00CED811 /* Debug */,
				60DEB97D1C07ACDA00CED811 /* Release */,
			);
			defaultConfigurationIsVisible = 0;
			defaultConfigurationName = Release;
		};
		60DEB97E1C07ACDA00CED811 /* Build configuration list for PBXNativeTarget "WeatherApp" */ = {
			isa = XCConfigurationList;
			buildConfigurations = (
				60DEB97F1C07ACDA00CED811 /* Debug */,
				60DEB9801C07ACDA00CED811 /* Release */,
			);
			defaultConfigurationIsVisible = 0;
			defaultConfigurationName = Release;
		};
		60DEB9811C07ACDA00CED811 /* Build configuration list for PBXNativeTarget "WeatherAppTests" */ = {
			isa = XCConfigurationList;
			buildConfigurations = (
				60DEB9821C07ACDA00CED811 /* Debug */,
				60DEB9831C07ACDA00CED811 /* Release */,
			);
			defaultConfigurationIsVisible = 0;
			defaultConfigurationName = Release;
		};
		60DEB9841C07ACDA00CED811 /* Build configuration list for PBXNativeTarget "WeatherAppUITests" */ = {
			isa = XCConfigurationList;
			buildConfigurations = (
				60DEB9851C07ACDA00CED811 /* Debug */,
				60DEB9861C07ACDA00CED811 /* Release */,
			);
			defaultConfigurationIsVisible = 0;
			defaultConfigurationName = Release;
		};
/* End XCConfigurationList section */
	};
	rootObject = 60DEB94E1C07ACDA00CED811 /* Project object */;
}
